
Microsoft Visual Studio Solution File, Format Version 12.00
# Visual Studio Version 17
VisualStudioVersion = 17.4.33122.133
MinimumVisualStudioVersion = 10.0.40219.1
Project("{FAE04EC0-301F-11D3-BF4B-00C04F79EFBC}") = "proyectoef", "WebApplication2\proyectoef.csproj", "{0DDD9C89-DD62-4CE8-B018-53A797DADD54}"
EndProject
Global
	GlobalSection(SolutionConfigurationPlatforms) = preSolution
		Debug|Any CPU = Debug|Any CPU
		Release|Any CPU = Release|Any CPU
	EndGlobalSection
	GlobalSection(ProjectConfigurationPlatforms) = postSolution
		{0DDD9C89-DD62-4CE8-B018-53A797DADD54}.Debug|Any CPU.ActiveCfg = Debug|Any CPU
		{0DDD9C89-DD62-4CE8-B018-53A797DADD54}.Debug|Any CPU.Build.0 = Debug|Any CPU
		{0DDD9C89-DD62-4CE8-B018-53A797DADD54}.Release|Any CPU.ActiveCfg = Release|Any CPU
		{0DDD9C89-DD62-4CE8-B018-53A797DADD54}.Release|Any CPU.Build.0 = Release|Any CPU
	EndGlobalSection
	GlobalSection(SolutionProperties) = preSolution
		HideSolutionNode = FALSE
	EndGlobalSection
	GlobalSection(ExtensibilityGlobals) = postSolution
		SolutionGuid = {6679B522-F771-4875-858F-AFF42E67E19C}
	EndGlobalSection
EndGlobal
